
Microsoft Visual Studio Solution File, Format Version 12.00
# Visual Studio Version 16
VisualStudioVersion = 16.0.30907.101
MinimumVisualStudioVersion = 10.0.40219.1
Project("{FAE04EC0-301F-11D3-BF4B-00C04F79EFBC}") = "ResearchLocations", "ResearchLocations\ResearchLocations.csproj", "{5517E1AE-E72F-4D1C-B106-565848903411}"
EndProject
Global
	GlobalSection(SolutionConfigurationPlatforms) = preSolution
		Debug|Any CPU = Debug|Any CPU
		Release|Any CPU = Release|Any CPU
	EndGlobalSection
	GlobalSection(ProjectConfigurationPlatforms) = postSolution
		{5517E1AE-E72F-4D1C-B106-565848903411}.Debug|Any CPU.ActiveCfg = Debug|Any CPU
		{5517E1AE-E72F-4D1C-B106-565848903411}.Debug|Any CPU.Build.0 = Debug|Any CPU
		{5517E1AE-E72F-4D1C-B106-565848903411}.Release|Any CPU.ActiveCfg = Release|Any CPU
		{5517E1AE-E72F-4D1C-B106-565848903411}.Release|Any CPU.Build.0 = Release|Any CPU
	EndGlobalSection
	GlobalSection(SolutionProperties) = preSolution
		HideSolutionNode = FALSE
	EndGlobalSection
	GlobalSection(ExtensibilityGlobals) = postSolution
		SolutionGuid = {CF6E7368-3247-4C30-9996-D948B469C206}
	EndGlobalSection
EndGlobal
